
Microsoft Visual Studio Solution File, Format Version 12.00
# Visual Studio Version 16
VisualStudioVersion = 16.0.30804.86
MinimumVisualStudioVersion = 10.0.40219.1
Project("{FAE04EC0-301F-11D3-BF4B-00C04F79EFBC}") = "ASP_Meeting_26", "ASP_Meeting_26\ASP_Meeting_26.csproj", "{77283896-763A-44B6-9DFD-207968BA6178}"
EndProject
Global
	GlobalSection(SolutionConfigurationPlatforms) = preSolution
		Debug|Any CPU = Debug|Any CPU
		Release|Any CPU = Release|Any CPU
	EndGlobalSection
	GlobalSection(ProjectConfigurationPlatforms) = postSolution
		{77283896-763A-44B6-9DFD-207968BA6178}.Debug|Any CPU.ActiveCfg = Debug|Any CPU
		{77283896-763A-44B6-9DFD-207968BA6178}.Debug|Any CPU.Build.0 = Debug|Any CPU
		{77283896-763A-44B6-9DFD-207968BA6178}.Release|Any CPU.ActiveCfg = Release|Any CPU
		{77283896-763A-44B6-9DFD-207968BA6178}.Release|Any CPU.Build.0 = Release|Any CPU
	EndGlobalSection
	GlobalSection(SolutionProperties) = preSolution
		HideSolutionNode = FALSE
	EndGlobalSection
	GlobalSection(ExtensibilityGlobals) = postSolution
		SolutionGuid = {778A4511-C4C7-4842-BD4A-4C8EB471C43E}
	EndGlobalSection
EndGlobal
